
Microsoft Visual Studio Solution File, Format Version 12.00
# Visual Studio Version 17
VisualStudioVersion = 17.8.34322.80
MinimumVisualStudioVersion = 10.0.40219.1
Project("{FAE04EC0-301F-11D3-BF4B-00C04F79EFBC}") = "AdventOfCode2023", "AdventOfCode2023\AdventOfCode2023.csproj", "{A0C711EB-7AFA-4FB5-A3F0-7DFAC5A98B69}"
EndProject
Global
	GlobalSection(SolutionConfigurationPlatforms) = preSolution
		Debug|Any CPU = Debug|Any CPU
		Release|Any CPU = Release|Any CPU
	EndGlobalSection
	GlobalSection(ProjectConfigurationPlatforms) = postSolution
		{A0C711EB-7AFA-4FB5-A3F0-7DFAC5A98B69}.Debug|Any CPU.ActiveCfg = Debug|Any CPU
		{A0C711EB-7AFA-4FB5-A3F0-7DFAC5A98B69}.Debug|Any CPU.Build.0 = Debug|Any CPU
		{A0C711EB-7AFA-4FB5-A3F0-7DFAC5A98B69}.Release|Any CPU.ActiveCfg = Release|Any CPU
		{A0C711EB-7AFA-4FB5-A3F0-7DFAC5A98B69}.Release|Any CPU.Build.0 = Release|Any CPU
	EndGlobalSection
	GlobalSection(SolutionProperties) = preSolution
		HideSolutionNode = FALSE
	EndGlobalSection
	GlobalSection(ExtensibilityGlobals) = postSolution
		SolutionGuid = {017A764D-72FF-4A1B-BB4D-20EDE53E74C7}
	EndGlobalSection
EndGlobal
